
Microsoft Visual Studio Solution File, Format Version 12.00
# Visual Studio Version 16
VisualStudioVersion = 16.0.31410.357
MinimumVisualStudioVersion = 10.0.40219.1
Project("{FAE04EC0-301F-11D3-BF4B-00C04F79EFBC}") = "PersonTest", "PersonTest\PersonTest.csproj", "{A2856312-F479-499F-8D24-358BEAACAB5F}"
EndProject
Project("{FAE04EC0-301F-11D3-BF4B-00C04F79EFBC}") = "PeopleTest.EF", "PeopleTest.EF\PeopleTest.EF.csproj", "{03BF70EC-189D-4F9D-877D-3D83BBC8B66C}"
EndProject
Global
	GlobalSection(SolutionConfigurationPlatforms) = preSolution
		Debug|Any CPU = Debug|Any CPU
		Release|Any CPU = Release|Any CPU
	EndGlobalSection
	GlobalSection(ProjectConfigurationPlatforms) = postSolution
		{A2856312-F479-499F-8D24-358BEAACAB5F}.Debug|Any CPU.ActiveCfg = Debug|Any CPU
		{A2856312-F479-499F-8D24-358BEAACAB5F}.Debug|Any CPU.Build.0 = Debug|Any CPU
		{A2856312-F479-499F-8D24-358BEAACAB5F}.Release|Any CPU.ActiveCfg = Release|Any CPU
		{A2856312-F479-499F-8D24-358BEAACAB5F}.Release|Any CPU.Build.0 = Release|Any CPU
		{03BF70EC-189D-4F9D-877D-3D83BBC8B66C}.Debug|Any CPU.ActiveCfg = Debug|Any CPU
		{03BF70EC-189D-4F9D-877D-3D83BBC8B66C}.Debug|Any CPU.Build.0 = Debug|Any CPU
		{03BF70EC-189D-4F9D-877D-3D83BBC8B66C}.Release|Any CPU.ActiveCfg = Release|Any CPU
		{03BF70EC-189D-4F9D-877D-3D83BBC8B66C}.Release|Any CPU.Build.0 = Release|Any CPU
	EndGlobalSection
	GlobalSection(SolutionProperties) = preSolution
		HideSolutionNode = FALSE
	EndGlobalSection
	GlobalSection(ExtensibilityGlobals) = postSolution
		SolutionGuid = {F011EF16-806F-4137-8282-3DA25378A20B}
	EndGlobalSection
EndGlobal
